PODS:
  - ELBrowser (1.0.0):
    - SDWebImage (~> 4.3.0)
  - Masonry (1.1.0)
  - SDWebImage (4.3.3):
    - SDWebImage/Core (= 4.3.3)
  - SDWebImage/Core (4.3.3)

DEPENDENCIES:
  - ELBrowser (from `../`)
  - Masonry

SPEC REPOS:
  https://github.com/cocoapods/specs.git:
    - Masonry
    - SDWebImage

EXTERNAL SOURCES:
  ELBrowser:
    :path: "../"

SPEC CHECKSUMS:
  ELBrowser: 8a94569912cfd3f6d5dc898628f3d850593e9cf0
  Masonry: 678fab65091a9290e40e2832a55e7ab731aad201
  SDWebImage: de4d90b5bff3571eae7bd16202b1f43135409fa5

PODFILE CHECKSUM: 88544a42253a8af9c4380be30001e4fc98170751

COCOAPODS: 1.6.1
